
Microsoft Visual Studio Solution File, Format Version 12.00
# Visual Studio 2013
VisualStudioVersion = 12.0.30501.0
MinimumVisualStudioVersion = 10.0.40219.1
Project("{2150E333-8FDC-42A3-9474-1A3956D46DE8}") = "UI", "UI", "{E66625BC-00DA-460D-A661-4678A58231CC}"
EndProject
Project("{E24C65DC-7377-472B-9ABA-BC803B73C61A}") = "SiteWeb", "http://localhost:18325", "{A51C200D-0E38-4698-A663-636F2EED7238}"
	ProjectSection(WebsiteProperties) = preProject
		UseIISExpress = "true"
		TargetFrameworkMoniker = ".NETFramework,Version%3Dv3.5"
		Debug.AspNetCompiler.VirtualPath = "/localhost_18325"
		Debug.AspNetCompiler.PhysicalPath = "SiteWeb\"
		Debug.AspNetCompiler.TargetPath = "PrecompiledWeb\localhost_18325\"
		Debug.AspNetCompiler.Updateable = "true"
		Debug.AspNetCompiler.ForceOverwrite = "true"
		Debug.AspNetCompiler.FixedNames = "false"
		Debug.AspNetCompiler.Debug = "True"
		Release.AspNetCompiler.VirtualPath = "/localhost_18325"
		Release.AspNetCompiler.PhysicalPath = "SiteWeb\"
		Release.AspNetCompiler.TargetPath = "PrecompiledWeb\localhost_18325\"
		Release.AspNetCompiler.Updateable = "true"
		Release.AspNetCompiler.ForceOverwrite = "true"
		Release.AspNetCompiler.FixedNames = "false"
		Release.AspNetCompiler.Debug = "False"
		SlnRelativePath = "SiteWeb\"
		DefaultWebSiteLanguage = "Visual C#"
	EndProjectSection
EndProject
Project("{2150E333-8FDC-42A3-9474-1A3956D46DE8}") = "Services", "Services", "{2D09D34F-362B-49B2-A019-719CC994EF97}"
EndProject
Project("{E24C65DC-7377-472B-9ABA-BC803B73C61A}") = "WSHotel", "http://localhost:38256", "{DA960BF8-BC5A-4381-8CC3-071BF7E0118D}"
	ProjectSection(WebsiteProperties) = preProject
		UseIISExpress = "true"
		TargetFrameworkMoniker = ".NETFramework,Version%3Dv3.5"
		Debug.AspNetCompiler.VirtualPath = "/localhost_38256"
		Debug.AspNetCompiler.PhysicalPath = "WSHotel\"
		Debug.AspNetCompiler.TargetPath = "PrecompiledWeb\localhost_38256\"
		Debug.AspNetCompiler.Updateable = "true"
		Debug.AspNetCompiler.ForceOverwrite = "true"
		Debug.AspNetCompiler.FixedNames = "false"
		Debug.AspNetCompiler.Debug = "True"
		Release.AspNetCompiler.VirtualPath = "/localhost_38256"
		Release.AspNetCompiler.PhysicalPath = "WSHotel\"
		Release.AspNetCompiler.TargetPath = "PrecompiledWeb\localhost_38256\"
		Release.AspNetCompiler.Updateable = "true"
		Release.AspNetCompiler.ForceOverwrite = "true"
		Release.AspNetCompiler.FixedNames = "false"
		Release.AspNetCompiler.Debug = "False"
		SlnRelativePath = "WSHotel\"
		DefaultWebSiteLanguage = "Visual C#"
	EndProjectSection
EndProject
Project("{E24C65DC-7377-472B-9ABA-BC803B73C61A}") = "WSVols", "http://localhost:38260", "{B90A28A3-DB20-48C2-9D7D-A20C940C5502}"
	ProjectSection(WebsiteProperties) = preProject
		UseIISExpress = "true"
		TargetFrameworkMoniker = ".NETFramework,Version%3Dv3.5"
		Debug.AspNetCompiler.VirtualPath = "/localhost_38260"
		Debug.AspNetCompiler.PhysicalPath = "WSVols\"
		Debug.AspNetCompiler.TargetPath = "PrecompiledWeb\localhost_38260\"
		Debug.AspNetCompiler.Updateable = "true"
		Debug.AspNetCompiler.ForceOverwrite = "true"
		Debug.AspNetCompiler.FixedNames = "false"
		Debug.AspNetCompiler.Debug = "True"
		Release.AspNetCompiler.VirtualPath = "/localhost_38260"
		Release.AspNetCompiler.PhysicalPath = "WSVols\"
		Release.AspNetCompiler.TargetPath = "PrecompiledWeb\localhost_38260\"
		Release.AspNetCompiler.Updateable = "true"
		Release.AspNetCompiler.ForceOverwrite = "true"
		Release.AspNetCompiler.FixedNames = "false"
		Release.AspNetCompiler.Debug = "False"
		SlnRelativePath = "WSVols\"
		DefaultWebSiteLanguage = "Visual C#"
	EndProjectSection
EndProject
Project("{2150E333-8FDC-42A3-9474-1A3956D46DE8}") = "DAL", "DAL", "{3B4D66DB-568A-457F-81CF-2B52EDED2BEB}"
EndProject
Project("{2150E333-8FDC-42A3-9474-1A3956D46DE8}") = "BL", "BL", "{E8A48765-359D-4DC8-9A39-DA8A3FEF4B4E}"
EndProject
Project("{FAE04EC0-301F-11D3-BF4B-00C04F79EFBC}") = "lib_LireVols", "lib_LireVols\lib_LireVols.csproj", "{7619D839-754C-4DDA-AE08-77CA69FC38B7}"
EndProject
Project("{FAE04EC0-301F-11D3-BF4B-00C04F79EFBC}") = "lib_LireHotels", "lib_LireHotels\lib_LireHotels.csproj", "{0D777532-F17B-48FE-BDF6-884AA8FF1267}"
EndProject
Project("{FAE04EC0-301F-11D3-BF4B-00C04F79EFBC}") = "RechercheVolsHotels", "RechercheVolsHotels\RechercheVolsHotels.csproj", "{DAD17A59-39DD-4FCF-9B52-68E5397A41BF}"
EndProject
Project("{FAE04EC0-301F-11D3-BF4B-00C04F79EFBC}") = "TestConsole", "ConsoleApplication1\TestConsole.csproj", "{ABCA3992-CE98-4015-84A8-0CF8D8AC4421}"
EndProject
Global
	GlobalSection(SolutionConfigurationPlatforms) = preSolution
		Debug|Any CPU = Debug|Any CPU
		Release|Any CPU = Release|Any CPU
	EndGlobalSection
	GlobalSection(ProjectConfigurationPlatforms) = postSolution
		{A51C200D-0E38-4698-A663-636F2EED7238}.Debug|Any CPU.ActiveCfg = Debug|Any CPU
		{A51C200D-0E38-4698-A663-636F2EED7238}.Debug|Any CPU.Build.0 = Debug|Any CPU
		{A51C200D-0E38-4698-A663-636F2EED7238}.Release|Any CPU.ActiveCfg = Debug|Any CPU
		{A51C200D-0E38-4698-A663-636F2EED7238}.Release|Any CPU.Build.0 = Debug|Any CPU
		{DA960BF8-BC5A-4381-8CC3-071BF7E0118D}.Debug|Any CPU.ActiveCfg = Debug|Any CPU
		{DA960BF8-BC5A-4381-8CC3-071BF7E0118D}.Debug|Any CPU.Build.0 = Debug|Any CPU
		{DA960BF8-BC5A-4381-8CC3-071BF7E0118D}.Release|Any CPU.ActiveCfg = Debug|Any CPU
		{DA960BF8-BC5A-4381-8CC3-071BF7E0118D}.Release|Any CPU.Build.0 = Debug|Any CPU
		{B90A28A3-DB20-48C2-9D7D-A20C940C5502}.Debug|Any CPU.ActiveCfg = Debug|Any CPU
		{B90A28A3-DB20-48C2-9D7D-A20C940C5502}.Debug|Any CPU.Build.0 = Debug|Any CPU
		{B90A28A3-DB20-48C2-9D7D-A20C940C5502}.Release|Any CPU.ActiveCfg = Debug|Any CPU
		{B90A28A3-DB20-48C2-9D7D-A20C940C5502}.Release|Any CPU.Build.0 = Debug|Any CPU
		{7619D839-754C-4DDA-AE08-77CA69FC38B7}.Debug|Any CPU.ActiveCfg = Debug|Any CPU
		{7619D839-754C-4DDA-AE08-77CA69FC38B7}.Debug|Any CPU.Build.0 = Debug|Any CPU
		{7619D839-754C-4DDA-AE08-77CA69FC38B7}.Release|Any CPU.ActiveCfg = Release|Any CPU
		{7619D839-754C-4DDA-AE08-77CA69FC38B7}.Release|Any CPU.Build.0 = Release|Any CPU
		{0D777532-F17B-48FE-BDF6-884AA8FF1267}.Debug|Any CPU.ActiveCfg = Debug|Any CPU
		{0D777532-F17B-48FE-BDF6-884AA8FF1267}.Debug|Any CPU.Build.0 = Debug|Any CPU
		{0D777532-F17B-48FE-BDF6-884AA8FF1267}.Release|Any CPU.ActiveCfg = Release|Any CPU
		{0D777532-F17B-48FE-BDF6-884AA8FF1267}.Release|Any CPU.Build.0 = Release|Any CPU
		{DAD17A59-39DD-4FCF-9B52-68E5397A41BF}.Debug|Any CPU.ActiveCfg = Debug|Any CPU
		{DAD17A59-39DD-4FCF-9B52-68E5397A41BF}.Debug|Any CPU.Build.0 = Debug|Any CPU
		{DAD17A59-39DD-4FCF-9B52-68E5397A41BF}.Release|Any CPU.ActiveCfg = Release|Any CPU
		{DAD17A59-39DD-4FCF-9B52-68E5397A41BF}.Release|Any CPU.Build.0 = Release|Any CPU
		{ABCA3992-CE98-4015-84A8-0CF8D8AC4421}.Debug|Any CPU.ActiveCfg = Debug|Any CPU
		{ABCA3992-CE98-4015-84A8-0CF8D8AC4421}.Debug|Any CPU.Build.0 = Debug|Any CPU
		{ABCA3992-CE98-4015-84A8-0CF8D8AC4421}.Release|Any CPU.ActiveCfg = Release|Any CPU
		{ABCA3992-CE98-4015-84A8-0CF8D8AC4421}.Release|Any CPU.Build.0 = Release|Any CPU
	EndGlobalSection
	GlobalSection(SolutionProperties) = preSolution
		HideSolutionNode = FALSE
	EndGlobalSection
	GlobalSection(NestedProjects) = preSolution
		{A51C200D-0E38-4698-A663-636F2EED7238} = {E66625BC-00DA-460D-A661-4678A58231CC}
		{DA960BF8-BC5A-4381-8CC3-071BF7E0118D} = {2D09D34F-362B-49B2-A019-719CC994EF97}
		{B90A28A3-DB20-48C2-9D7D-A20C940C5502} = {2D09D34F-362B-49B2-A019-719CC994EF97}
		{7619D839-754C-4DDA-AE08-77CA69FC38B7} = {3B4D66DB-568A-457F-81CF-2B52EDED2BEB}
		{0D777532-F17B-48FE-BDF6-884AA8FF1267} = {3B4D66DB-568A-457F-81CF-2B52EDED2BEB}
		{DAD17A59-39DD-4FCF-9B52-68E5397A41BF} = {E8A48765-359D-4DC8-9A39-DA8A3FEF4B4E}
		{ABCA3992-CE98-4015-84A8-0CF8D8AC4421} = {E66625BC-00DA-460D-A661-4678A58231CC}
	EndGlobalSection
EndGlobal
